
Microsoft Visual Studio Solution File, Format Version 12.00
# Visual Studio Version 17
VisualStudioVersion = 17.3.32929.385
MinimumVisualStudioVersion = 10.0.40219.1
Project("{FAE04EC0-301F-11D3-BF4B-00C04F79EFBC}") = "Pract9", "Pract9\Pract9.csproj", "{196F1083-EE50-4923-B6CC-C4DCC6FC45FB}"
EndProject
Global
	GlobalSection(SolutionConfigurationPlatforms) = preSolution
		Debug|Any CPU = Debug|Any CPU
		Release|Any CPU = Release|Any CPU
	EndGlobalSection
	GlobalSection(ProjectConfigurationPlatforms) = postSolution
		{196F1083-EE50-4923-B6CC-C4DCC6FC45FB}.Debug|Any CPU.ActiveCfg = Debug|Any CPU
		{196F1083-EE50-4923-B6CC-C4DCC6FC45FB}.Debug|Any CPU.Build.0 = Debug|Any CPU
		{196F1083-EE50-4923-B6CC-C4DCC6FC45FB}.Release|Any CPU.ActiveCfg = Release|Any CPU
		{196F1083-EE50-4923-B6CC-C4DCC6FC45FB}.Release|Any CPU.Build.0 = Release|Any CPU
	EndGlobalSection
	GlobalSection(SolutionProperties) = preSolution
		HideSolutionNode = FALSE
	EndGlobalSection
	GlobalSection(ExtensibilityGlobals) = postSolution
		SolutionGuid = {A5034678-3B69-44BC-93A0-656C473B2404}
	EndGlobalSection
EndGlobal
